
Microsoft Visual Studio Solution File, Format Version 12.00
# Visual Studio 15
VisualStudioVersion = 15.0.27703.2047
MinimumVisualStudioVersion = 10.0.40219.1
Project("{FAE04EC0-301F-11D3-BF4B-00C04F79EFBC}") = "Networking", "Networking\Networking.csproj", "{76810D79-ED2A-4EDE-9D5B-DF99BA76EF55}"
EndProject
Project("{FAE04EC0-301F-11D3-BF4B-00C04F79EFBC}") = "MasterServer", "MasterServer\MasterServer.csproj", "{EB6DD1C2-D3C3-4AB7-89A1-36AF21EDB676}"
EndProject
Global
	GlobalSection(SolutionConfigurationPlatforms) = preSolution
		Debug|Any CPU = Debug|Any CPU
		Release|Any CPU = Release|Any CPU
	EndGlobalSection
	GlobalSection(ProjectConfigurationPlatforms) = postSolution
		{76810D79-ED2A-4EDE-9D5B-DF99BA76EF55}.Debug|Any CPU.ActiveCfg = Debug|Any CPU
		{76810D79-ED2A-4EDE-9D5B-DF99BA76EF55}.Debug|Any CPU.Build.0 = Debug|Any CPU
		{76810D79-ED2A-4EDE-9D5B-DF99BA76EF55}.Release|Any CPU.ActiveCfg = Release|Any CPU
		{76810D79-ED2A-4EDE-9D5B-DF99BA76EF55}.Release|Any CPU.Build.0 = Release|Any CPU
		{EB6DD1C2-D3C3-4AB7-89A1-36AF21EDB676}.Debug|Any CPU.ActiveCfg = Debug|Any CPU
		{EB6DD1C2-D3C3-4AB7-89A1-36AF21EDB676}.Debug|Any CPU.Build.0 = Debug|Any CPU
		{EB6DD1C2-D3C3-4AB7-89A1-36AF21EDB676}.Release|Any CPU.ActiveCfg = Release|Any CPU
		{EB6DD1C2-D3C3-4AB7-89A1-36AF21EDB676}.Release|Any CPU.Build.0 = Release|Any CPU
	EndGlobalSection
	GlobalSection(SolutionProperties) = preSolution
		HideSolutionNode = FALSE
	EndGlobalSection
	GlobalSection(ExtensibilityGlobals) = postSolution
		SolutionGuid = {2AFD3B02-AC04-4957-8447-BE187C7456EA}
	EndGlobalSection
EndGlobal
